<?xml version="1.0" encoding="utf-8"?>
<Project ToolsVersion="4.0" xmlns="http://schemas.microsoft.com/developer/msbuild/2003">
  <ItemGroup>
    <Filter Include="Source Files">
      <UniqueIdentifier>{4FC737F1-C7A5-4376-A066-2A32D752A2FF}</UniqueIdentifier>
      <Extensions>cpp;c;cc;cxx;def;odl;idl;hpj;bat;asm;asmx</Extensions>
    </Filter>
    <Filter Include="Source Files\Precompiled">
      <UniqueIdentifier>{da2a837e-e454-4c01-b719-6847e211848a}</UniqueIdentifier>
    </Filter>
    <Filter Include="Source Files\Component">
      <UniqueIdentifier>{dc0b3a43-4f35-4e98-b607-dd3695504c3e}</UniqueIdentifier>
    </Filter>
    <Filter Include="Source Files\Scripts">
      <UniqueIdentifier>{3436b631-e47d-4a66-bc5d-617f6c9e9b80}</UniqueIdentifier>
    </Filter>
    <Filter Include="Source Files\Wrapper">
      <UniqueIdentifier>{7492d854-1df1-472d-9306-7bed000b48a7}</UniqueIdentifier>
    </Filter>
    <Filter Include="Source Files\ECS">
      <UniqueIdentifier>{bb8920ad-c50f-4925-bd6c-1cc9fb5eb1b5}</UniqueIdentifier>
    </Filter>
    <Filter Include="Source Files\ECS\Base">
      <UniqueIdentifier>{feafaf70-9031-40cc-9324-dff9986a4790}</UniqueIdentifier>
    </Filter>
    <Filter Include="Source Files\ECS\Systems">
      <UniqueIdentifier>{e768377c-eab0-48b9-a417-d07b049e84dc}</UniqueIdentifier>
    </Filter>
    <Filter Include="Source Files\ECS\Components">
      <UniqueIdentifier>{b32c751e-2300-40ee-ba60-4892e2bef811}</UniqueIdentifier>
    </Filter>
    <Filter Include="Source Files\UI">
      <UniqueIdentifier>{dd26d317-46db-4ed0-a172-fcba1de8ef91}</UniqueIdentifier>
    </Filter>
    <Filter Include="Source Files\StateStack">
      <UniqueIdentifier>{a3e345d1-c792-4dbc-8040-fdd754078714}</UniqueIdentifier>
    </Filter>
    <Filter Include="Source Files\Postmaster">
      <UniqueIdentifier>{6658c7d2-f4fa-4cc9-8a3c-20c5f899fdf0}</UniqueIdentifier>
    </Filter>
    <Filter Include="Source Files\Text">
      <UniqueIdentifier>{89d40851-e6c6-4685-b006-a1f67fb94638}</UniqueIdentifier>
    </Filter>
    <Filter Include="Collision">
      <UniqueIdentifier>{53b15cb1-2616-438b-903e-cc0b58e0e659}</UniqueIdentifier>
    </Filter>
    <Filter Include="Source Files\JSON">
      <UniqueIdentifier>{58fd77d0-20df-4e02-b7bb-727a4b6d4d80}</UniqueIdentifier>
    </Filter>
    <Filter Include="Source Files\ECS\Player">
      <UniqueIdentifier>{3f1f14ff-7d01-4023-8010-8680fad03ddc}</UniqueIdentifier>
    </Filter>
    <Filter Include="Source Files\Particle Editor">
      <UniqueIdentifier>{17eea687-f38b-4ef1-914d-46ea261c5ed1}</UniqueIdentifier>
    </Filter>
  </ItemGroup>
  <ItemGroup>
    <ClInclude Include="framework.h">
      <Filter>Source Files\Precompiled</Filter>
    </ClInclude>
    <ClInclude Include="pch.h">
      <Filter>Source Files\Precompiled</Filter>
    </ClInclude>
    <ClInclude Include="Game.h">
      <Filter>Source Files</Filter>
    </ClInclude>
    <ClInclude Include="HealthComponent.h">
      <Filter>Source Files\Component</Filter>
    </ClInclude>
    <ClInclude Include="BehaviourComponent.h">
      <Filter>Source Files\Component</Filter>
    </ClInclude>
    <ClInclude Include="AttackComponent.h">
      <Filter>Source Files\Component</Filter>
    </ClInclude>
    <ClInclude Include="SpriteComponent.h">
      <Filter>Source Files\Component</Filter>
    </ClInclude>
    <ClInclude Include="SpawnComponent.h">
      <Filter>Source Files\Component</Filter>
    </ClInclude>
    <ClInclude Include="NavmeshAgentComponent.h">
      <Filter>Source Files\Component</Filter>
    </ClInclude>
    <ClInclude Include="CameraComponent.h">
      <Filter>Source Files\Component</Filter>
    </ClInclude>
    <ClInclude Include="Model.h">
      <Filter>Source Files\Wrapper</Filter>
    </ClInclude>
    <ClInclude Include="ComponentArray.h">
      <Filter>Source Files\ECS\Base</Filter>
    </ClInclude>
    <ClInclude Include="ComponentManager.h">
      <Filter>Source Files\ECS\Base</Filter>
    </ClInclude>
    <ClInclude Include="Coordinator.h">
      <Filter>Source Files\ECS\Base</Filter>
    </ClInclude>
    <ClInclude Include="ECSSettings.h">
      <Filter>Source Files\ECS\Base</Filter>
    </ClInclude>
    <ClInclude Include="EntityManager.h">
      <Filter>Source Files\ECS\Base</Filter>
    </ClInclude>
    <ClInclude Include="System.h">
      <Filter>Source Files\ECS\Base</Filter>
    </ClInclude>
    <ClInclude Include="SystemCoupler.h">
      <Filter>Source Files\ECS\Base</Filter>
    </ClInclude>
    <ClInclude Include="ModelRenderSystem.h">
      <Filter>Source Files\ECS\Systems</Filter>
    </ClInclude>
    <ClInclude Include="GameWorld.h">
      <Filter>Source Files</Filter>
    </ClInclude>
    <ClInclude Include="Enemy.h">
      <Filter>Source Files\ECS\Components</Filter>
    </ClInclude>
    <ClInclude Include="EnemySystem.h">
      <Filter>Source Files\ECS\Systems</Filter>
    </ClInclude>
    <ClInclude Include="macro.h">
      <Filter>Source Files\Precompiled</Filter>
    </ClInclude>
    <ClInclude Include="Transform.h">
      <Filter>Source Files\ECS\Components</Filter>
    </ClInclude>
    <ClInclude Include="Level.h">
      <Filter>Source Files</Filter>
    </ClInclude>
    <ClInclude Include="CollisionSystem.h">
      <Filter>Source Files\ECS\Systems</Filter>
    </ClInclude>
    <ClInclude Include="Trigger.h">
      <Filter>Source Files\ECS\Components</Filter>
    </ClInclude>
    <ClInclude Include="TriggerSystem.h">
      <Filter>Source Files\ECS\Systems</Filter>
    </ClInclude>
    <ClInclude Include="Shape.h">
      <Filter>Source Files\ECS\Components</Filter>
    </ClInclude>
    <ClInclude Include="Collider.h">
      <Filter>Source Files\ECS\Components</Filter>
    </ClInclude>
    <ClInclude Include="UISlider.h">
      <Filter>Source Files\UI</Filter>
    </ClInclude>
    <ClInclude Include="UIButton.h">
      <Filter>Source Files\UI</Filter>
    </ClInclude>
    <ClInclude Include="UIElement.h">
      <Filter>Source Files\UI</Filter>
    </ClInclude>
    <ClInclude Include="UIGauge.h">
      <Filter>Source Files\UI</Filter>
    </ClInclude>
    <ClInclude Include="UIManager.h">
      <Filter>Source Files\UI</Filter>
    </ClInclude>
    <ClInclude Include="StateStack.h">
      <Filter>Source Files\StateStack</Filter>
    </ClInclude>
    <ClInclude Include="State.h">
      <Filter>Source Files\StateStack</Filter>
    </ClInclude>
    <ClInclude Include="StateGameplay.h">
      <Filter>Source Files\StateStack</Filter>
    </ClInclude>
    <ClInclude Include="StateMainMenu.h">
      <Filter>Source Files\StateStack</Filter>
    </ClInclude>
    <ClInclude Include="StatePause.h">
      <Filter>Source Files\StateStack</Filter>
    </ClInclude>
    <ClInclude Include="StateSettings.h">
      <Filter>Source Files\StateStack</Filter>
    </ClInclude>
    <ClInclude Include="eStateID.h">
      <Filter>Source Files\StateStack</Filter>
    </ClInclude>
    <ClInclude Include="Observer.h">
      <Filter>Source Files\Postmaster</Filter>
    </ClInclude>
    <ClInclude Include="Postmaster.h">
      <Filter>Source Files\Postmaster</Filter>
    </ClInclude>
    <ClInclude Include="eMessageTypes.h">
      <Filter>Source Files\Postmaster</Filter>
    </ClInclude>
    <ClInclude Include="Font.h">
      <Filter>Source Files\Text</Filter>
    </ClInclude>
    <ClInclude Include="Text.h">
      <Filter>Source Files\Text</Filter>
    </ClInclude>
    <ClInclude Include="resource.h" />
    <ClInclude Include="TextFactory.h">
      <Filter>Source Files\Text</Filter>
    </ClInclude>
    <ClInclude Include="TriggerListener.h">
      <Filter>Collision</Filter>
    </ClInclude>
    <ClInclude Include="TriggerEvents.h">
      <Filter>Collision</Filter>
    </ClInclude>
    <ClInclude Include="TriggerData.h">
      <Filter>Collision</Filter>
    </ClInclude>
    <ClInclude Include="TextRenderer.h">
      <Filter>Source Files\Text</Filter>
    </ClInclude>
    <ClInclude Include="Audio.h">
      <Filter>Source Files\ECS\Components</Filter>
    </ClInclude>
    <ClInclude Include="PlayerSystem.h">
      <Filter>Source Files\ECS\Systems</Filter>
    </ClInclude>
    <ClInclude Include="AudioSystem.h">
      <Filter>Source Files\ECS\Systems</Filter>
    </ClInclude>
    <ClInclude Include="Expose.h">
      <Filter>Source Files\JSON</Filter>
    </ClInclude>
    <ClInclude Include="JsonExposedTemplate.h">
      <Filter>Source Files\JSON</Filter>
    </ClInclude>
    <ClInclude Include="JsonExposedType.h">
      <Filter>Source Files\JSON</Filter>
    </ClInclude>
    <ClInclude Include="JsonManager.h">
      <Filter>Source Files\JSON</Filter>
    </ClInclude>
    <ClInclude Include="JsonDocument.h">
      <Filter>Source Files\JSON</Filter>
    </ClInclude>
    <ClInclude Include="JsonExposedVariable.h">
      <Filter>Source Files\JSON</Filter>
    </ClInclude>
    <ClInclude Include="BossSystem.h">
      <Filter>Source Files\ECS\Systems</Filter>
    </ClInclude>
    <ClInclude Include="AttackPower.h">
      <Filter>Source Files\ECS\Components</Filter>
    </ClInclude>
    <ClInclude Include="Health.h">
      <Filter>Source Files\ECS\Components</Filter>
    </ClInclude>
    <ClInclude Include="NavMesh.h">
      <Filter>Source Files\ECS\Components</Filter>
    </ClInclude>
    <ClInclude Include="AnimatorSystem.h">
      <Filter>Source Files\ECS\Systems</Filter>
    </ClInclude>
    <ClInclude Include="LevelHandler.h">
      <Filter>Source Files</Filter>
    </ClInclude>
    <ClInclude Include="StateLevelSelect.h">
      <Filter>Source Files\StateStack</Filter>
    </ClInclude>
    <ClInclude Include="MinibossSystem.h">
      <Filter>Source Files\ECS\Systems</Filter>
    </ClInclude>
    <ClInclude Include="ParticleEditor.h">
      <Filter>Source Files\Particle Editor</Filter>
    </ClInclude>
    <ClInclude Include="DialogSystem.h">
      <Filter>Source Files</Filter>
    </ClInclude>
    <ClInclude Include="LightSystem.h">
      <Filter>Source Files\ECS\Systems</Filter>
    </ClInclude>
    <ClInclude Include="Light.h">
      <Filter>Source Files\ECS\Components</Filter>
    </ClInclude>
    <ClInclude Include="StateCutscene.h">
      <Filter>Source Files\StateStack</Filter>
    </ClInclude>
    <ClInclude Include="Experience.h">
      <Filter>Source Files\ECS\Components</Filter>
    </ClInclude>
    <ClInclude Include="ParticleSystem.h">
      <Filter>Source Files\ECS\Systems</Filter>
    </ClInclude>
    <ClInclude Include="StateDeath.h">
      <Filter>Source Files\StateStack</Filter>
    </ClInclude>
    <ClInclude Include="UIDialog.h">
      <Filter>Source Files\UI</Filter>
    </ClInclude>
    <ClInclude Include="StateCredits.h">
      <Filter>Source Files\StateStack</Filter>
    </ClInclude>
  </ItemGroup>
  <ItemGroup>
    <ClCompile Include="pch.cpp">
      <Filter>Source Files\Precompiled</Filter>
    </ClCompile>
    <ClCompile Include="Game.cpp">
      <Filter>Source Files</Filter>
    </ClCompile>
    <ClCompile Include="HealthComponent.cpp">
      <Filter>Source Files\Component</Filter>
    </ClCompile>
    <ClCompile Include="BehaviourComponent.cpp">
      <Filter>Source Files\Component</Filter>
    </ClCompile>
    <ClCompile Include="AttackComponent.cpp">
      <Filter>Source Files\Component</Filter>
    </ClCompile>
    <ClCompile Include="SpriteComponent.cpp">
      <Filter>Source Files\Component</Filter>
    </ClCompile>
    <ClCompile Include="SpawnComponent.cpp">
      <Filter>Source Files\Component</Filter>
    </ClCompile>
    <ClCompile Include="NavmeshAgentComponent.cpp">
      <Filter>Source Files\Component</Filter>
    </ClCompile>
    <ClCompile Include="CameraComponent.cpp">
      <Filter>Source Files\Component</Filter>
    </ClCompile>
    <ClCompile Include="Model.cpp">
      <Filter>Source Files\Wrapper</Filter>
    </ClCompile>
    <ClCompile Include="Coordinator.cpp">
      <Filter>Source Files\ECS\Base</Filter>
    </ClCompile>
    <ClCompile Include="ECSSettings.cpp">
      <Filter>Source Files\ECS\Base</Filter>
    </ClCompile>
    <ClCompile Include="EntityManager.cpp">
      <Filter>Source Files\ECS\Base</Filter>
    </ClCompile>
    <ClCompile Include="SystemCoupler.cpp">
      <Filter>Source Files\ECS\Base</Filter>
    </ClCompile>
    <ClCompile Include="ModelRenderSystem.cpp">
      <Filter>Source Files\ECS\Systems</Filter>
    </ClCompile>
    <ClCompile Include="GameWorld.cpp">
      <Filter>Source Files</Filter>
    </ClCompile>
    <ClCompile Include="EnemySystem.cpp">
      <Filter>Source Files\ECS\Systems</Filter>
    </ClCompile>
    <ClCompile Include="Level.cpp">
      <Filter>Source Files</Filter>
    </ClCompile>
    <ClCompile Include="CollisionSystem.cpp">
      <Filter>Source Files\ECS\Systems</Filter>
    </ClCompile>
    <ClCompile Include="UIButton.cpp">
      <Filter>Source Files\UI</Filter>
    </ClCompile>
    <ClCompile Include="UIElement.cpp">
      <Filter>Source Files\UI</Filter>
    </ClCompile>
    <ClCompile Include="UIGauge.cpp">
      <Filter>Source Files\UI</Filter>
    </ClCompile>
    <ClCompile Include="UIManager.cpp">
      <Filter>Source Files\UI</Filter>
    </ClCompile>
    <ClCompile Include="UISlider.cpp">
      <Filter>Source Files\UI</Filter>
    </ClCompile>
    <ClCompile Include="State.cpp">
      <Filter>Source Files\StateStack</Filter>
    </ClCompile>
    <ClCompile Include="StateGameplay.cpp">
      <Filter>Source Files\StateStack</Filter>
    </ClCompile>
    <ClCompile Include="StateMainMenu.cpp">
      <Filter>Source Files\StateStack</Filter>
    </ClCompile>
    <ClCompile Include="StatePause.cpp">
      <Filter>Source Files\StateStack</Filter>
    </ClCompile>
    <ClCompile Include="StateSettings.cpp">
      <Filter>Source Files\StateStack</Filter>
    </ClCompile>
    <ClCompile Include="StateStack.cpp">
      <Filter>Source Files\StateStack</Filter>
    </ClCompile>
    <ClCompile Include="Postmaster.cpp">
      <Filter>Source Files\Postmaster</Filter>
    </ClCompile>
    <ClCompile Include="Text.cpp">
      <Filter>Source Files\Text</Filter>
    </ClCompile>
    <ClCompile Include="TextFactory.cpp">
      <Filter>Source Files\Text</Filter>
    </ClCompile>
    <ClCompile Include="TriggerSystem.cpp">
      <Filter>Source Files\ECS\Systems</Filter>
    </ClCompile>
    <ClCompile Include="TriggerListener.cpp">
      <Filter>Collision</Filter>
    </ClCompile>
    <ClCompile Include="TextRenderer.cpp">
      <Filter>Source Files\Text</Filter>
    </ClCompile>
    <ClCompile Include="Audio.cpp">
      <Filter>Source Files\ECS\Components</Filter>
    </ClCompile>
    <ClCompile Include="PlayerSystem.cpp">
      <Filter>Source Files\ECS\Systems</Filter>
    </ClCompile>
    <ClCompile Include="AudioSystem.cpp">
      <Filter>Source Files\ECS\Systems</Filter>
    </ClCompile>
    <ClCompile Include="JsonManager.cpp">
      <Filter>Source Files\JSON</Filter>
    </ClCompile>
    <ClCompile Include="JsonDocument.cpp">
      <Filter>Source Files\JSON</Filter>
    </ClCompile>
    <ClCompile Include="BossSystem.cpp">
      <Filter>Source Files\ECS\Systems</Filter>
    </ClCompile>
    <ClCompile Include="AttackPower.cpp">
      <Filter>Source Files\ECS\Components</Filter>
    </ClCompile>
    <ClCompile Include="NavMesh.cpp">
      <Filter>Source Files\ECS\Components</Filter>
    </ClCompile>
    <ClCompile Include="AnimatorSystem.cpp">
      <Filter>Source Files\ECS\Systems</Filter>
    </ClCompile>
    <ClCompile Include="LevelHandler.cpp">
      <Filter>Source Files</Filter>
    </ClCompile>
    <ClCompile Include="StateLevelSelect.cpp">
      <Filter>Source Files\StateStack</Filter>
    </ClCompile>
    <ClCompile Include="MinibossSystem.cpp">
      <Filter>Source Files\ECS\Systems</Filter>
    </ClCompile>
    <ClCompile Include="ParticleEditor.cpp">
      <Filter>Source Files\Particle Editor</Filter>
    </ClCompile>
    <ClCompile Include="DialogSystem.cpp">
      <Filter>Source Files</Filter>
    </ClCompile>
    <ClCompile Include="LightSystem.cpp">
      <Filter>Source Files\ECS\Systems</Filter>
    </ClCompile>
    <ClCompile Include="Light.cpp">
      <Filter>Source Files\ECS\Components</Filter>
    </ClCompile>
    <ClCompile Include="StateCutscene.cpp">
      <Filter>Source Files\StateStack</Filter>
    </ClCompile>
    <ClCompile Include="Experience.cpp">
      <Filter>Source Files\ECS\Components</Filter>
    </ClCompile>
    <ClCompile Include="ParticleSystem.cpp">
      <Filter>Source Files\ECS\Systems</Filter>
    </ClCompile>
    <ClCompile Include="StateDeath.cpp">
      <Filter>Source Files\StateStack</Filter>
    </ClCompile>
    <ClCompile Include="UIDialog.cpp">
      <Filter>Source Files\UI</Filter>
    </ClCompile>
    <ClCompile Include="StateCredits.cpp">
      <Filter>Source Files\StateStack</Filter>
    </ClCompile>
  </ItemGroup>
  <ItemGroup>
    <None Include="packages.config" />
  </ItemGroup>
</Project>